
Microsoft Visual Studio Solution File, Format Version 12.00
# Visual Studio 15
VisualStudioVersion = 15.0.28307.421
MinimumVisualStudioVersion = 10.0.40219.1
Project("{9A19103F-16F7-4668-BE54-9A1E7A4F7556}") = "Hakaton", "Hakaton\Hakaton.csproj", "{0C3C6807-8F12-4B3A-A11E-A93E0A905C30}"
EndProject
Project("{FAE04EC0-301F-11D3-BF4B-00C04F79EFBC}") = "Common", "Common\Common.csproj", "{BCFF85AF-A8ED-453B-B23B-BC51E1BB9A0D}"
EndProject
Project("{FAE04EC0-301F-11D3-BF4B-00C04F79EFBC}") = "BLL", "BLL\BLL.csproj", "{B1A08273-0218-40AD-B93D-88D2F4BB3650}"
EndProject
Global
	GlobalSection(SolutionConfigurationPlatforms) = preSolution
		Debug|Any CPU = Debug|Any CPU
		Release|Any CPU = Release|Any CPU
	EndGlobalSection
	GlobalSection(ProjectConfigurationPlatforms) = postSolution
		{0C3C6807-8F12-4B3A-A11E-A93E0A905C30}.Debug|Any CPU.ActiveCfg = Debug|Any CPU
		{0C3C6807-8F12-4B3A-A11E-A93E0A905C30}.Debug|Any CPU.Build.0 = Debug|Any CPU
		{0C3C6807-8F12-4B3A-A11E-A93E0A905C30}.Release|Any CPU.ActiveCfg = Release|Any CPU
		{0C3C6807-8F12-4B3A-A11E-A93E0A905C30}.Release|Any CPU.Build.0 = Release|Any CPU
		{BCFF85AF-A8ED-453B-B23B-BC51E1BB9A0D}.Debug|Any CPU.ActiveCfg = Debug|Any CPU
		{BCFF85AF-A8ED-453B-B23B-BC51E1BB9A0D}.Debug|Any CPU.Build.0 = Debug|Any CPU
		{BCFF85AF-A8ED-453B-B23B-BC51E1BB9A0D}.Release|Any CPU.ActiveCfg = Release|Any CPU
		{BCFF85AF-A8ED-453B-B23B-BC51E1BB9A0D}.Release|Any CPU.Build.0 = Release|Any CPU
		{B1A08273-0218-40AD-B93D-88D2F4BB3650}.Debug|Any CPU.ActiveCfg = Debug|Any CPU
		{B1A08273-0218-40AD-B93D-88D2F4BB3650}.Debug|Any CPU.Build.0 = Debug|Any CPU
		{B1A08273-0218-40AD-B93D-88D2F4BB3650}.Release|Any CPU.ActiveCfg = Release|Any CPU
		{B1A08273-0218-40AD-B93D-88D2F4BB3650}.Release|Any CPU.Build.0 = Release|Any CPU
	EndGlobalSection
	GlobalSection(SolutionProperties) = preSolution
		HideSolutionNode = FALSE
	EndGlobalSection
	GlobalSection(ExtensibilityGlobals) = postSolution
		SolutionGuid = {9DBA4A82-F91A-4A09-AAA0-C391D0BE378B}
	EndGlobalSection
EndGlobal
